
Microsoft Visual Studio Solution File, Format Version 12.00
# Visual Studio Version 16
VisualStudioVersion = 16.0.29728.190
MinimumVisualStudioVersion = 10.0.40219.1
Project("{FAE04EC0-301F-11D3-BF4B-00C04F79EFBC}") = "InnRoadTest", "InnRoadTest\InnRoadTest.csproj", "{2F0645BB-46C2-42F9-8105-F37C9DB0BF8E}"
EndProject
Project("{FAE04EC0-301F-11D3-BF4B-00C04F79EFBC}") = "InnRoadTest.Model", "InnRoadTest.Model\InnRoadTest.Model.csproj", "{D962B4AA-0022-4A1B-B22C-AA3559151606}"
EndProject
Project("{FAE04EC0-301F-11D3-BF4B-00C04F79EFBC}") = "InnRoadTest.Core", "InnRoadTest.Core\InnRoadTest.Core.csproj", "{88CC3CAF-1457-4B45-9133-0BBABEBADBA5}"
EndProject
Global
	GlobalSection(SolutionConfigurationPlatforms) = preSolution
		Debug|Any CPU = Debug|Any CPU
		Release|Any CPU = Release|Any CPU
	EndGlobalSection
	GlobalSection(ProjectConfigurationPlatforms) = postSolution
		{2F0645BB-46C2-42F9-8105-F37C9DB0BF8E}.Debug|Any CPU.ActiveCfg = Debug|Any CPU
		{2F0645BB-46C2-42F9-8105-F37C9DB0BF8E}.Debug|Any CPU.Build.0 = Debug|Any CPU
		{2F0645BB-46C2-42F9-8105-F37C9DB0BF8E}.Release|Any CPU.ActiveCfg = Release|Any CPU
		{2F0645BB-46C2-42F9-8105-F37C9DB0BF8E}.Release|Any CPU.Build.0 = Release|Any CPU
		{D962B4AA-0022-4A1B-B22C-AA3559151606}.Debug|Any CPU.ActiveCfg = Debug|Any CPU
		{D962B4AA-0022-4A1B-B22C-AA3559151606}.Debug|Any CPU.Build.0 = Debug|Any CPU
		{D962B4AA-0022-4A1B-B22C-AA3559151606}.Release|Any CPU.ActiveCfg = Release|Any CPU
		{D962B4AA-0022-4A1B-B22C-AA3559151606}.Release|Any CPU.Build.0 = Release|Any CPU
		{88CC3CAF-1457-4B45-9133-0BBABEBADBA5}.Debug|Any CPU.ActiveCfg = Debug|Any CPU
		{88CC3CAF-1457-4B45-9133-0BBABEBADBA5}.Debug|Any CPU.Build.0 = Debug|Any CPU
		{88CC3CAF-1457-4B45-9133-0BBABEBADBA5}.Release|Any CPU.ActiveCfg = Release|Any CPU
		{88CC3CAF-1457-4B45-9133-0BBABEBADBA5}.Release|Any CPU.Build.0 = Release|Any CPU
	EndGlobalSection
	GlobalSection(SolutionProperties) = preSolution
		HideSolutionNode = FALSE
	EndGlobalSection
	GlobalSection(ExtensibilityGlobals) = postSolution
		SolutionGuid = {47BFE6CC-0D56-4318-A08C-3CDFA69E255A}
	EndGlobalSection
EndGlobal
